
Microsoft Visual Studio Solution File, Format Version 12.00
# Visual Studio Version 17
VisualStudioVersion = 17.0.32126.317
MinimumVisualStudioVersion = 10.0.40219.1
Project("{FAE04EC0-301F-11D3-BF4B-00C04F79EFBC}") = "SPCII_APP", "SPCII_APP\SPCII_APP.csproj", "{C996CA69-E040-40A3-A393-2104F35B84DA}"
EndProject
Global
	GlobalSection(SolutionConfigurationPlatforms) = preSolution
		Debug|Any CPU = Debug|Any CPU
		Release|Any CPU = Release|Any CPU
	EndGlobalSection
	GlobalSection(ProjectConfigurationPlatforms) = postSolution
		{C996CA69-E040-40A3-A393-2104F35B84DA}.Debug|Any CPU.ActiveCfg = Debug|Any CPU
		{C996CA69-E040-40A3-A393-2104F35B84DA}.Debug|Any CPU.Build.0 = Debug|Any CPU
		{C996CA69-E040-40A3-A393-2104F35B84DA}.Release|Any CPU.ActiveCfg = Release|Any CPU
		{C996CA69-E040-40A3-A393-2104F35B84DA}.Release|Any CPU.Build.0 = Release|Any CPU
	EndGlobalSection
	GlobalSection(SolutionProperties) = preSolution
		HideSolutionNode = FALSE
	EndGlobalSection
	GlobalSection(ExtensibilityGlobals) = postSolution
		SolutionGuid = {4F9D01E7-687B-44CB-8224-C8AA6C773351}
	EndGlobalSection
EndGlobal
